
Microsoft Visual Studio Solution File, Format Version 12.00
# Visual Studio 2013
VisualStudioVersion = 12.0.31010.0
MinimumVisualStudioVersion = 10.0.40219.1
Project("{FAE04EC0-301F-11D3-BF4B-00C04F79EFBC}") = "Cutting Room Floor", "Cutting Room Floor\Cutting Room Floor.csproj", "{3B788E60-20A7-40B4-BCCA-EBD4089F3062}"
EndProject
Project("{FAE04EC0-301F-11D3-BF4B-00C04F79EFBC}") = "XRFGDITest", "XRFGDITest\XRFGDITest.csproj", "{05A6743A-D962-4F75-A09E-DEEDEBB1981E}"
EndProject
Project("{2150E333-8FDC-42A3-9474-1A3956D46DE8}") = "Testing", "Testing", "{59BFDF65-DABE-4FEF-8CC1-5C2EB4CDF988}"
EndProject
Project("{FAE04EC0-301F-11D3-BF4B-00C04F79EFBC}") = "Xrf.Shaders", "Xrf.Shaders\Xrf.Shaders.csproj", "{1ED3C029-BB4A-4007-9775-874BDA914E96}"
EndProject
Project("{FAE04EC0-301F-11D3-BF4B-00C04F79EFBC}") = "Xrf.StainedGlass.Editor", "Xrf.StainedGlass.Editor\Xrf.StainedGlass.Editor.csproj", "{DE64BF4C-662D-4B9A-B2B7-C2BDE971AD00}"
EndProject
Project("{FAE04EC0-301F-11D3-BF4B-00C04F79EFBC}") = "XRF StainedGlass", "XRF StainedGlass\XRF StainedGlass.csproj", "{0AE372A3-4A92-47FD-B51E-670F2E09176C}"
EndProject
Global
	GlobalSection(SolutionConfigurationPlatforms) = preSolution
		Debug|Any CPU = Debug|Any CPU
		Debug|Mixed Platforms = Debug|Mixed Platforms
		Debug|Win32 = Debug|Win32
		Release|Any CPU = Release|Any CPU
		Release|Mixed Platforms = Release|Mixed Platforms
		Release|Win32 = Release|Win32
	EndGlobalSection
	GlobalSection(ProjectConfigurationPlatforms) = postSolution
		{3B788E60-20A7-40B4-BCCA-EBD4089F3062}.Debug|Any CPU.ActiveCfg = Debug|Any CPU
		{3B788E60-20A7-40B4-BCCA-EBD4089F3062}.Debug|Any CPU.Build.0 = Debug|Any CPU
		{3B788E60-20A7-40B4-BCCA-EBD4089F3062}.Debug|Mixed Platforms.ActiveCfg = Debug|Any CPU
		{3B788E60-20A7-40B4-BCCA-EBD4089F3062}.Debug|Mixed Platforms.Build.0 = Debug|Any CPU
		{3B788E60-20A7-40B4-BCCA-EBD4089F3062}.Debug|Win32.ActiveCfg = Debug|Any CPU
		{3B788E60-20A7-40B4-BCCA-EBD4089F3062}.Release|Any CPU.ActiveCfg = Release|Any CPU
		{3B788E60-20A7-40B4-BCCA-EBD4089F3062}.Release|Any CPU.Build.0 = Release|Any CPU
		{3B788E60-20A7-40B4-BCCA-EBD4089F3062}.Release|Mixed Platforms.ActiveCfg = Release|Any CPU
		{3B788E60-20A7-40B4-BCCA-EBD4089F3062}.Release|Mixed Platforms.Build.0 = Release|Any CPU
		{3B788E60-20A7-40B4-BCCA-EBD4089F3062}.Release|Win32.ActiveCfg = Release|Any CPU
		{05A6743A-D962-4F75-A09E-DEEDEBB1981E}.Debug|Any CPU.ActiveCfg = Debug|Any CPU
		{05A6743A-D962-4F75-A09E-DEEDEBB1981E}.Debug|Any CPU.Build.0 = Debug|Any CPU
		{05A6743A-D962-4F75-A09E-DEEDEBB1981E}.Debug|Mixed Platforms.ActiveCfg = Debug|Any CPU
		{05A6743A-D962-4F75-A09E-DEEDEBB1981E}.Debug|Mixed Platforms.Build.0 = Debug|Any CPU
		{05A6743A-D962-4F75-A09E-DEEDEBB1981E}.Debug|Win32.ActiveCfg = Debug|Any CPU
		{05A6743A-D962-4F75-A09E-DEEDEBB1981E}.Release|Any CPU.ActiveCfg = Release|Any CPU
		{05A6743A-D962-4F75-A09E-DEEDEBB1981E}.Release|Any CPU.Build.0 = Release|Any CPU
		{05A6743A-D962-4F75-A09E-DEEDEBB1981E}.Release|Mixed Platforms.ActiveCfg = Release|Any CPU
		{05A6743A-D962-4F75-A09E-DEEDEBB1981E}.Release|Mixed Platforms.Build.0 = Release|Any CPU
		{05A6743A-D962-4F75-A09E-DEEDEBB1981E}.Release|Win32.ActiveCfg = Release|Any CPU
		{1ED3C029-BB4A-4007-9775-874BDA914E96}.Debug|Any CPU.ActiveCfg = Debug|Any CPU
		{1ED3C029-BB4A-4007-9775-874BDA914E96}.Debug|Any CPU.Build.0 = Debug|Any CPU
		{1ED3C029-BB4A-4007-9775-874BDA914E96}.Debug|Mixed Platforms.ActiveCfg = Debug|Any CPU
		{1ED3C029-BB4A-4007-9775-874BDA914E96}.Debug|Mixed Platforms.Build.0 = Debug|Any CPU
		{1ED3C029-BB4A-4007-9775-874BDA914E96}.Debug|Win32.ActiveCfg = Debug|Any CPU
		{1ED3C029-BB4A-4007-9775-874BDA914E96}.Release|Any CPU.ActiveCfg = Release|Any CPU
		{1ED3C029-BB4A-4007-9775-874BDA914E96}.Release|Any CPU.Build.0 = Release|Any CPU
		{1ED3C029-BB4A-4007-9775-874BDA914E96}.Release|Mixed Platforms.ActiveCfg = Release|Any CPU
		{1ED3C029-BB4A-4007-9775-874BDA914E96}.Release|Mixed Platforms.Build.0 = Release|Any CPU
		{1ED3C029-BB4A-4007-9775-874BDA914E96}.Release|Win32.ActiveCfg = Release|Any CPU
		{DE64BF4C-662D-4B9A-B2B7-C2BDE971AD00}.Debug|Any CPU.ActiveCfg = Debug|Any CPU
		{DE64BF4C-662D-4B9A-B2B7-C2BDE971AD00}.Debug|Any CPU.Build.0 = Debug|Any CPU
		{DE64BF4C-662D-4B9A-B2B7-C2BDE971AD00}.Debug|Mixed Platforms.ActiveCfg = Debug|Any CPU
		{DE64BF4C-662D-4B9A-B2B7-C2BDE971AD00}.Debug|Mixed Platforms.Build.0 = Debug|Any CPU
		{DE64BF4C-662D-4B9A-B2B7-C2BDE971AD00}.Debug|Win32.ActiveCfg = Debug|Any CPU
		{DE64BF4C-662D-4B9A-B2B7-C2BDE971AD00}.Release|Any CPU.ActiveCfg = Release|Any CPU
		{DE64BF4C-662D-4B9A-B2B7-C2BDE971AD00}.Release|Any CPU.Build.0 = Release|Any CPU
		{DE64BF4C-662D-4B9A-B2B7-C2BDE971AD00}.Release|Mixed Platforms.ActiveCfg = Release|Any CPU
		{DE64BF4C-662D-4B9A-B2B7-C2BDE971AD00}.Release|Mixed Platforms.Build.0 = Release|Any CPU
		{DE64BF4C-662D-4B9A-B2B7-C2BDE971AD00}.Release|Win32.ActiveCfg = Release|Any CPU
		{0AE372A3-4A92-47FD-B51E-670F2E09176C}.Debug|Any CPU.ActiveCfg = Debug|Any CPU
		{0AE372A3-4A92-47FD-B51E-670F2E09176C}.Debug|Any CPU.Build.0 = Debug|Any CPU
		{0AE372A3-4A92-47FD-B51E-670F2E09176C}.Debug|Mixed Platforms.ActiveCfg = Debug|Any CPU
		{0AE372A3-4A92-47FD-B51E-670F2E09176C}.Debug|Mixed Platforms.Build.0 = Debug|Any CPU
		{0AE372A3-4A92-47FD-B51E-670F2E09176C}.Debug|Win32.ActiveCfg = Debug|Any CPU
		{0AE372A3-4A92-47FD-B51E-670F2E09176C}.Release|Any CPU.ActiveCfg = Release|Any CPU
		{0AE372A3-4A92-47FD-B51E-670F2E09176C}.Release|Any CPU.Build.0 = Release|Any CPU
		{0AE372A3-4A92-47FD-B51E-670F2E09176C}.Release|Mixed Platforms.ActiveCfg = Release|Any CPU
		{0AE372A3-4A92-47FD-B51E-670F2E09176C}.Release|Mixed Platforms.Build.0 = Release|Any CPU
		{0AE372A3-4A92-47FD-B51E-670F2E09176C}.Release|Win32.ActiveCfg = Release|Any CPU
	EndGlobalSection
	GlobalSection(SolutionProperties) = preSolution
		HideSolutionNode = FALSE
	EndGlobalSection
	GlobalSection(NestedProjects) = preSolution
		{05A6743A-D962-4F75-A09E-DEEDEBB1981E} = {59BFDF65-DABE-4FEF-8CC1-5C2EB4CDF988}
	EndGlobalSection
EndGlobal
